
Microsoft Visual Studio Solution File, Format Version 12.00
# Visual Studio Version 17
VisualStudioVersion = 17.7.33711.374
MinimumVisualStudioVersion = 10.0.40219.1
Project("{FAE04EC0-301F-11D3-BF4B-00C04F79EFBC}") = "SecuredByEmailIVerification", "SecuredByEmailIVerification\SecuredByEmailIVerification.csproj", "{A69FE953-37E0-4A88-AA85-50BF5096210B}"
EndProject
Global
	GlobalSection(SolutionConfigurationPlatforms) = preSolution
		Debug|Any CPU = Debug|Any CPU
		Release|Any CPU = Release|Any CPU
	EndGlobalSection
	GlobalSection(ProjectConfigurationPlatforms) = postSolution
		{A69FE953-37E0-4A88-AA85-50BF5096210B}.Debug|Any CPU.ActiveCfg = Debug|Any CPU
		{A69FE953-37E0-4A88-AA85-50BF5096210B}.Debug|Any CPU.Build.0 = Debug|Any CPU
		{A69FE953-37E0-4A88-AA85-50BF5096210B}.Release|Any CPU.ActiveCfg = Release|Any CPU
		{A69FE953-37E0-4A88-AA85-50BF5096210B}.Release|Any CPU.Build.0 = Release|Any CPU
	EndGlobalSection
	GlobalSection(SolutionProperties) = preSolution
		HideSolutionNode = FALSE
	EndGlobalSection
	GlobalSection(ExtensibilityGlobals) = postSolution
		SolutionGuid = {EDF47FAA-1975-4D17-A257-4C1E7CDD7DC2}
	EndGlobalSection
EndGlobal
